
Microsoft Visual Studio Solution File, Format Version 12.00
# Visual Studio Version 17
VisualStudioVersion = 17.6.33829.357
MinimumVisualStudioVersion = 10.0.40219.1
Project("{FAE04EC0-301F-11D3-BF4B-00C04F79EFBC}") = "Practice_Project", "Practice_Project\Practice_Project.csproj", "{9B7914A8-F5C0-4F58-9A07-48DF87E6A466}"
EndProject
Global
	GlobalSection(SolutionConfigurationPlatforms) = preSolution
		Debug|Any CPU = Debug|Any CPU
		Release|Any CPU = Release|Any CPU
	EndGlobalSection
	GlobalSection(ProjectConfigurationPlatforms) = postSolution
		{9B7914A8-F5C0-4F58-9A07-48DF87E6A466}.Debug|Any CPU.ActiveCfg = Debug|Any CPU
		{9B7914A8-F5C0-4F58-9A07-48DF87E6A466}.Debug|Any CPU.Build.0 = Debug|Any CPU
		{9B7914A8-F5C0-4F58-9A07-48DF87E6A466}.Release|Any CPU.ActiveCfg = Release|Any CPU
		{9B7914A8-F5C0-4F58-9A07-48DF87E6A466}.Release|Any CPU.Build.0 = Release|Any CPU
	EndGlobalSection
	GlobalSection(SolutionProperties) = preSolution
		HideSolutionNode = FALSE
	EndGlobalSection
	GlobalSection(ExtensibilityGlobals) = postSolution
		SolutionGuid = {BF3BA111-2B4A-462A-B381-93823C7F3A25}
	EndGlobalSection
EndGlobal
